// !$*UTF8*$!
{
	archiveVersion = 1;
	classes = {
	};
	objectVersion = 46;
	objects = {

/* Begin PBXBuildFile section */
		F286026D1DC1645600289D0F /* AppDelegate.swift in Sources */ = {isa = PBXBuildFile; fileRef = F286026C1DC1645600289D0F /* AppDelegate.swift */; };
		F286026F1DC1645600289D0F /* ViewController.swift in Sources */ = {isa = PBXBuildFile; fileRef = F286026E1DC1645600289D0F /* ViewController.swift */; };
		F28602721DC1645600289D0F /* Main.storyboard in Resources */ = {isa = PBXBuildFile; fileRef = F28602701DC1645600289D0F /* Main.storyboard */; };
		F28602741DC1645600289D0F /* Assets.xcassets in Resources */ = {isa = PBXBuildFile; fileRef = F28602731DC1645600289D0F /* Assets.xcassets */; };
		F28602771DC1645600289D0F /* LaunchScreen.storyboard in Resources */ = {isa = PBXBuildFile; fileRef = F28602751DC1645600289D0F /* LaunchScreen.storyboard */; };
		F28602821DC1645600289D0F /* CalculatorTests.swift in Sources */ = {isa = PBXBuildFile; fileRef = F28602811DC1645600289D0F /* CalculatorTests.swift */; };
		F286028D1DC1645600289D0F /* CalculatorUITests.swift in Sources */ = {isa = PBXBuildFile; fileRef = F286028C1DC1645600289D0F /* CalculatorUITests.swift */; };
		F286029B1DC2B1B000289D0F /* CalculatorBrain.swift in Sources */ = {isa = PBXBuildFile; fileRef = F286029A1DC2B1B000289D0F /* CalculatorBrain.swift */; };
		F2FA30161DE0FC6F00BEA675 /* AxesDrawer.swift in Sources */ = {isa = PBXBuildFile; fileRef = F2FA30151DE0FC6F00BEA675 /* AxesDrawer.swift */; };
/* End PBXBuildFile section */

/* Begin PBXContainerItemProxy section */
		F286027E1DC1645600289D0F /* PBXContainerItemProxy */ = {
			isa = PBXContainerItemProxy;
			containerPortal = F28602611DC1645500289D0F /* Project object */;
			proxyType = 1;
			remoteGlobalIDString = F28602681DC1645500289D0F;
			remoteInfo = Calculator;
		};
		F28602891DC1645600289D0F /* PBXContainerItemProxy */ = {
			isa = PBXContainerItemProxy;
			containerPortal = F28602611DC1645500289D0F /* Project object */;
			proxyType = 1;
			remoteGlobalIDString = F28602681DC1645500289D0F;
			remoteInfo = Calculator;
		};
/* End PBXContainerItemProxy section */

/* Begin PBXFileReference section */
		F28602691DC1645500289D0F /* Calculator.app */ = {isa = PBXFileReference; explicitFileType = wrapper.application; includeInIndex = 0; path = Calculator.app; sourceTree = BUILT_PRODUCTS_DIR; };
		F286026C1DC1645600289D0F /* AppDelegate.swift */ = {isa = PBXFileReference; lastKnownFileType = sourcecode.swift; path = AppDelegate.swift; sourceTree = "<group>"; };
		F286026E1DC1645600289D0F /* ViewController.swift */ = {isa = PBXFileReference; lastKnownFileType = sourcecode.swift; path = ViewController.swift; sourceTree = "<group>"; };
		F28602711DC1645600289D0F /* Base */ = {isa = PBXFileReference; lastKnownFileType = file.storyboard; name = Base; path = Base.lproj/Main.storyboard; sourceTree = "<group>"; };
		F28602731DC1645600289D0F /* Assets.xcassets */ = {isa = PBXFileReference; lastKnownFileType = folder.assetcatalog; path = Assets.xcassets; sourceTree = "<group>"; };
		F28602761DC1645600289D0F /* Base */ = {isa = PBXFileReference; lastKnownFileType = file.storyboard; name = Base; path = Base.lproj/LaunchScreen.storyboard; sourceTree = "<group>"; };
		F28602781DC1645600289D0F /* Info.plist */ = {isa = PBXFileReference; lastKnownFileType = text.plist.xml; path = Info.plist; sourceTree = "<group>"; };
		F286027D1DC1645600289D0F /* CalculatorTests.xctest */ = {isa = PBXFileReference; explicitFileType = wrapper.cfbundle; includeInIndex = 0; path = CalculatorTests.xctest; sourceTree = BUILT_PRODUCTS_DIR; };
		F28602811DC1645600289D0F /* CalculatorTests.swift */ = {isa = PBXFileReference; lastKnownFileType = sourcecode.swift; path = CalculatorTests.swift; sourceTree = "<group>"; };
		F28602831DC1645600289D0F /* Info.plist */ = {isa = PBXFileReference; lastKnownFileType = text.plist.xml; path = Info.plist; sourceTree = "<group>"; };
		F28602881DC1645600289D0F /* CalculatorUITests.xctest */ = {isa = PBXFileReference; explicitFileType = wrapper.cfbundle; includeInIndex = 0; path = CalculatorUITests.xctest; sourceTree = BUILT_PRODUCTS_DIR; };
		F286028C1DC1645600289D0F /* CalculatorUITests.swift */ = {isa = PBXFileReference; lastKnownFileType = sourcecode.swift; path = CalculatorUITests.swift; sourceTree = "<group>"; };
		F286028E1DC1645600289D0F /* Info.plist */ = {isa = PBXFileReference; lastKnownFileType = text.plist.xml; path = Info.plist; sourceTree = "<group>"; };
		F286029A1DC2B1B000289D0F /* CalculatorBrain.swift */ = {isa = PBXFileReference; fileEncoding = 4; lastKnownFileType = sourcecode.swift; path = CalculatorBrain.swift; sourceTree = "<group>"; };
		F2FA30151DE0FC6F00BEA675 /* AxesDrawer.swift */ = {isa = PBXFileReference; fileEncoding = 4; lastKnownFileType = sourcecode.swift; path = AxesDrawer.swift; sourceTree = "<group>"; };
/* End PBXFileReference section */

/* Begin PBXFrameworksBuildPhase section */
		F28602661DC1645500289D0F /* Frameworks */ = {
			isa = PBXFrameworksBuildPhase;
			buildActionMask = 2147483647;
			files = (
			);
			runOnlyForDeploymentPostprocessing = 0;
		};
		F286027A1DC1645600289D0F /* Frameworks */ = {
			isa = PBXFrameworksBuildPhase;
			buildActionMask = 2147483647;
			files = (
			);
			runOnlyForDeploymentPostprocessing = 0;
		};
		F28602851DC1645600289D0F /* Frameworks */ = {
			isa = PBXFrameworksBuildPhase;
			buildActionMask = 2147483647;
			files = (
			);
			runOnlyForDeploymentPostprocessing = 0;
		};
/* End PBXFrameworksBuildPhase section */

/* Begin PBXGroup section */
		F22C09B51E24582900366762 /* Supporting Files */ = {
			isa = PBXGroup;
			children = (
				F286026C1DC1645600289D0F /* AppDelegate.swift */,
				F28602731DC1645600289D0F /* Assets.xcassets */,
				F28602751DC1645600289D0F /* LaunchScreen.storyboard */,
				F28602781DC1645600289D0F /* Info.plist */,
			);
			name = "Supporting Files";
			path = Calculator;
			sourceTree = "<group>";
		};
		F28602601DC1645500289D0F = {
			isa = PBXGroup;
			children = (
				F286026B1DC1645500289D0F /* Calculator */,
				F28602801DC1645600289D0F /* CalculatorTests */,
				F286028B1DC1645600289D0F /* CalculatorUITests */,
				F286026A1DC1645500289D0F /* Products */,
				F22C09B51E24582900366762 /* Supporting Files */,
			);
			sourceTree = "<group>";
		};
		F286026A1DC1645500289D0F /* Products */ = {
			isa = PBXGroup;
			children = (
				F28602691DC1645500289D0F /* Calculator.app */,
				F286027D1DC1645600289D0F /* CalculatorTests.xctest */,
				F28602881DC1645600289D0F /* CalculatorUITests.xctest */,
			);
			name = Products;
			sourceTree = "<group>";
		};
		F286026B1DC1645500289D0F /* Calculator */ = {
			isa = PBXGroup;
			children = (
				F286026E1DC1645600289D0F /* ViewController.swift */,
				F286029A1DC2B1B000289D0F /* CalculatorBrain.swift */,
				F2FA30151DE0FC6F00BEA675 /* AxesDrawer.swift */,
				F28602701DC1645600289D0F /* Main.storyboard */,
			);
			path = Calculator;
			sourceTree = "<group>";
		};
		F28602801DC1645600289D0F /* CalculatorTests */ = {
			isa = PBXGroup;
			children = (
				F28602811DC1645600289D0F /* CalculatorTests.swift */,
				F28602831DC1645600289D0F /* Info.plist */,
			);
			path = CalculatorTests;
			sourceTree = "<group>";
		};
		F286028B1DC1645600289D0F /* CalculatorUITests */ = {
			isa = PBXGroup;
			children = (
				F286028C1DC1645600289D0F /* CalculatorUITests.swift */,
				F286028E1DC1645600289D0F /* Info.plist */,
			);
			path = CalculatorUITests;
			sourceTree = "<group>";
		};
/* End PBXGroup section */

/* Begin PBXNativeTarget section */
		F28602681DC1645500289D0F /* Calculator */ = {
			isa = PBXNativeTarget;
			buildConfigurationList = F28602911DC1645600289D0F /* Build configuration list for PBXNativeTarget "Calculator" */;
			buildPhases = (
				F28602651DC1645500289D0F /* Sources */,
				F28602661DC1645500289D0F /* Frameworks */,
				F28602671DC1645500289D0F /* Resources */,
			);
			buildRules = (
			);
			dependencies = (
			);
			name = Calculator;
			productName = Calculator;
			productReference = F28602691DC1645500289D0F /* Calculator.app */;
			productType = "com.apple.product-type.application";
		};
		F286027C1DC1645600289D0F /* CalculatorTests */ = {
			isa = PBXNativeTarget;
			buildConfigurationList = F28602941DC1645600289D0F /* Build configuration list for PBXNativeTarget "CalculatorTests" */;
			buildPhases = (
				F28602791DC1645600289D0F /* Sources */,
				F286027A1DC1645600289D0F /* Frameworks */,
				F286027B1DC1645600289D0F /* Resources */,
			);
			buildRules = (
			);
			dependencies = (
				F286027F1DC1645600289D0F /* PBXTargetDependency */,
			);
			name = CalculatorTests;
			productName = CalculatorTests;
			productReference = F286027D1DC1645600289D0F /* CalculatorTests.xctest */;
			productType = "com.apple.product-type.bundle.unit-test";
		};
		F28602871DC1645600289D0F /* CalculatorUITests */ = {
			isa = PBXNativeTarget;
			buildConfigurationList = F28602971DC1645600289D0F /* Build configuration list for PBXNativeTarget "CalculatorUITests" */;
			buildPhases = (
				F28602841DC1645600289D0F /* Sources */,
				F28602851DC1645600289D0F /* Frameworks */,
				F28602861DC1645600289D0F /* Resources */,
			);
			buildRules = (
			);
			dependencies = (
				F286028A1DC1645600289D0F /* PBXTargetDependency */,
			);
			name = CalculatorUITests;
			productName = CalculatorUITests;
			productReference = F28602881DC1645600289D0F /* CalculatorUITests.xctest */;
			productType = "com.apple.product-type.bundle.ui-testing";
		};
/* End PBXNativeTarget section */

/* Begin PBXProject section */
		F28602611DC1645500289D0F /* Project object */ = {
			isa = PBXProject;
			attributes = {
				LastSwiftUpdateCheck = 0800;
				LastUpgradeCheck = 0820;
				ORGANIZATIONNAME = Graycode;
				TargetAttributes = {
					F28602681DC1645500289D0F = {
						CreatedOnToolsVersion = 8.0;
						DevelopmentTeam = JYXR948UZ7;
						ProvisioningStyle = Automatic;
					};
					F286027C1DC1645600289D0F = {
						CreatedOnToolsVersion = 8.0;
						ProvisioningStyle = Automatic;
						TestTargetID = F28602681DC1645500289D0F;
					};
					F28602871DC1645600289D0F = {
						CreatedOnToolsVersion = 8.0;
						ProvisioningStyle = Automatic;
						TestTargetID = F28602681DC1645500289D0F;
					};
				};
			};
			buildConfigurationList = F28602641DC1645500289D0F /* Build configuration list for PBXProject "Calculator" */;
			compatibilityVersion = "Xcode 3.2";
			developmentRegion = English;
			hasScannedForEncodings = 0;
			knownRegions = (
				en,
				Base,
			);
			mainGroup = F28602601DC1645500289D0F;
			productRefGroup = F286026A1DC1645500289D0F /* Products */;
			projectDirPath = "";
			projectRoot = "";
			targets = (
				F28602681DC1645500289D0F /* Calculator */,
				F286027C1DC1645600289D0F /* CalculatorTests */,
				F28602871DC1645600289D0F /* CalculatorUITests */,
			);
		};
/* End PBXProject section */

/* Begin PBXResourcesBuildPhase section */
		F28602671DC1645500289D0F /* Resources */ = {
			isa = PBXResourcesBuildPhase;
			buildActionMask = 2147483647;
			files = (
				F28602771DC1645600289D0F /* LaunchScreen.storyboard in Resources */,
				F28602741DC1645600289D0F /* Assets.xcassets in Resources */,
				F28602721DC1645600289D0F /* Main.storyboard in Resources */,
			);
			runOnlyForDeploymentPostprocessing = 0;
		};
		F286027B1DC1645600289D0F /* Resources */ = {
			isa = PBXResourcesBuildPhase;
			buildActionMask = 2147483647;
			files = (
			);
			runOnlyForDeploymentPostprocessing = 0;
		};
		F28602861DC1645600289D0F /* Resources */ = {
			isa = PBXResourcesBuildPhase;
			buildActionMask = 2147483647;
			files = (
			);
			runOnlyForDeploymentPostprocessing = 0;
		};
/* End PBXResourcesBuildPhase section */

/* Begin PBXSourcesBuildPhase section */
		F28602651DC1645500289D0F /* Sources */ = {
			isa = PBXSourcesBuildPhase;
			buildActionMask = 2147483647;
			files = (
				F286029B1DC2B1B000289D0F /* CalculatorBrain.swift in Sources */,
				F2FA30161DE0FC6F00BEA675 /* AxesDrawer.swift in Sources */,
				F286026F1DC1645600289D0F /* ViewController.swift in Sources */,
				F286026D1DC1645600289D0F /* AppDelegate.swift in Sources */,
			);
			runOnlyForDeploymentPostprocessing = 0;
		};
		F28602791DC1645600289D0F /* Sources */ = {
			isa = PBXSourcesBuildPhase;
			buildActionMask = 2147483647;
			files = (
				F28602821DC1645600289D0F /* CalculatorTests.swift in Sources */,
			);
			runOnlyForDeploymentPostprocessing = 0;
		};
		F28602841DC1645600289D0F /* Sources */ = {
			isa = PBXSourcesBuildPhase;
			buildActionMask = 2147483647;
			files = (
				F286028D1DC1645600289D0F /* CalculatorUITests.swift in Sources */,
			);
			runOnlyForDeploymentPostprocessing = 0;
		};
/* End PBXSourcesBuildPhase section */

/* Begin PBXTargetDependency section */
		F286027F1DC1645600289D0F /* PBXTargetDependency */ = {
			isa = PBXTargetDependency;
			target = F28602681DC1645500289D0F /* Calculator */;
			targetProxy = F286027E1DC1645600289D0F /* PBXContainerItemProxy */;
		};
		F286028A1DC1645600289D0F /* PBXTargetDependency */ = {
			isa = PBXTargetDependency;
			target = F28602681DC1645500289D0F /* Calculator */;
			targetProxy = F28602891DC1645600289D0F /* PBXContainerItemProxy */;
		};
/* End PBXTargetDependency section */

/* Begin PBXVariantGroup section */
		F28602701DC1645600289D0F /* Main.storyboard */ = {
			isa = PBXVariantGroup;
			children = (
				F28602711DC1645600289D0F /* Base */,
			);
			name = Main.storyboard;
			sourceTree = "<group>";
		};
		F28602751DC1645600289D0F /* LaunchScreen.storyboard */ = {
			isa = PBXVariantGroup;
			children = (
				F28602761DC1645600289D0F /* Base */,
			);
			name = LaunchScreen.storyboard;
			sourceTree = "<group>";
		};
/* End PBXVariantGroup section */

/* Begin XCBuildConfiguration section */
		F286028F1DC1645600289D0F /* Debug */ = {
			isa = XCBuildConfiguration;
			buildSettings = {
				ALWAYS_SEARCH_USER_PATHS = NO;
				CLANG_ANALYZER_NONNULL = YES;
				CLANG_CXX_LANGUAGE_STANDARD = "gnu++0x";
				CLANG_CXX_LIBRARY = "libc++";
				CLANG_ENABLE_MODULES = YES;
				CLANG_ENABLE_OBJC_ARC = YES;
				CLANG_WARN_BOOL_CONVERSION = YES;
				CLANG_WARN_CONSTANT_CONVERSION = YES;
				CLANG_WARN_DIRECT_OBJC_ISA_USAGE = YES_ERROR;
				CLANG_WARN_DOCUMENTATION_COMMENTS = YES;
				CLANG_WARN_EMPTY_BODY = YES;
				CLANG_WARN_ENUM_CONVERSION = YES;
				CLANG_WARN_INFINITE_RECURSION = YES;
				CLANG_WARN_INT_CONVERSION = YES;
				CLANG_WARN_OBJC_ROOT_CLASS = YES_ERROR;
				CLANG_WARN_SUSPICIOUS_MOVE = YES;
				CLANG_WARN_SUSPICIOUS_MOVES = YES;
				CLANG_WARN_UNREACHABLE_CODE = YES;
				CLANG_WARN__DUPLICATE_METHOD_MATCH = YES;
				"CODE_SIGN_IDENTITY[sdk=iphoneos*]" = "iPhone Developer";
				COPY_PHASE_STRIP = NO;
				DEBUG_INFORMATION_FORMAT = dwarf;
				ENABLE_STRICT_OBJC_MSGSEND = YES;
				ENABLE_TESTABILITY = YES;
				GCC_C_LANGUAGE_STANDARD = gnu99;
				GCC_DYNAMIC_NO_PIC = NO;
				GCC_NO_COMMON_BLOCKS = YES;
				GCC_OPTIMIZATION_LEVEL = 0;
				GCC_PREPROCESSOR_DEFINITIONS = (
					"DEBUG=1",
					"$(inherited)",
				);
				GCC_WARN_64_TO_32_BIT_CONVERSION = YES;
				GCC_WARN_ABOUT_RETURN_TYPE = YES_ERROR;
				GCC_WARN_UNDECLARED_SELECTOR = YES;
				GCC_WARN_UNINITIALIZED_AUTOS = YES_AGGRESSIVE;
				GCC_WARN_UNUSED_FUNCTION = YES;
				GCC_WARN_UNUSED_VARIABLE = YES;
				IPHONEOS_DEPLOYMENT_TARGET = 10.0;
				MTL_ENABLE_DEBUG_INFO = YES;
				ONLY_ACTIVE_ARCH = YES;
				SDKROOT = iphoneos;
				SWIFT_ACTIVE_COMPILATION_CONDITIONS = DEBUG;
				SWIFT_OPTIMIZATION_LEVEL = "-Onone";
				TARGETED_DEVICE_FAMILY = "1,2";
			};
			name = Debug;
		};
		F28602901DC1645600289D0F /* Release */ = {
			isa = XCBuildConfiguration;
			buildSettings = {
				ALWAYS_SEARCH_USER_PATHS = NO;
				CLANG_ANALYZER_NONNULL = YES;
				CLANG_CXX_LANGUAGE_STANDARD = "gnu++0x";
				CLANG_CXX_LIBRARY = "libc++";
				CLANG_ENABLE_MODULES = YES;
				CLANG_ENABLE_OBJC_ARC = YES;
				CLANG_WARN_BOOL_CONVERSION = YES;
				CLANG_WARN_CONSTANT_CONVERSION = YES;
				CLANG_WARN_DIRECT_OBJC_ISA_USAGE = YES_ERROR;
				CLANG_WARN_DOCUMENTATION_COMMENTS = YES;
				CLANG_WARN_EMPTY_BODY = YES;
				CLANG_WARN_ENUM_CONVERSION = YES;
				CLANG_WARN_INFINITE_RECURSION = YES;
				CLANG_WARN_INT_CONVERSION = YES;
				CLANG_WARN_OBJC_ROOT_CLASS = YES_ERROR;
				CLANG_WARN_SUSPICIOUS_MOVE = YES;
				CLANG_WARN_SUSPICIOUS_MOVES = YES;
				CLANG_WARN_UNREACHABLE_CODE = YES;
				CLANG_WARN__DUPLICATE_METHOD_MATCH = YES;
				"CODE_SIGN_IDENTITY[sdk=iphoneos*]" = "iPhone Developer";
				COPY_PHASE_STRIP = NO;
				DEBUG_INFORMATION_FORMAT = "dwarf-with-dsym";
				ENABLE_NS_ASSERTIONS = NO;
				ENABLE_STRICT_OBJC_MSGSEND = YES;
				GCC_C_LANGUAGE_STANDARD = gnu99;
				GCC_NO_COMMON_BLOCKS = YES;
				GCC_WARN_64_TO_32_BIT_CONVERSION = YES;
				GCC_WARN_ABOUT_RETURN_TYPE = YES_ERROR;
				GCC_WARN_UNDECLARED_SELECTOR = YES;
				GCC_WARN_UNINITIALIZED_AUTOS = YES_AGGRESSIVE;
				GCC_WARN_UNUSED_FUNCTION = YES;
				GCC_WARN_UNUSED_VARIABLE = YES;
				IPHONEOS_DEPLOYMENT_TARGET = 10.0;
				MTL_ENABLE_DEBUG_INFO = NO;
				SDKROOT = iphoneos;
				SWIFT_OPTIMIZATION_LEVEL = "-Owholemodule";
				TARGETED_DEVICE_FAMILY = "1,2";
				VALIDATE_PRODUCT = YES;
			};
			name = Release;
		};
		F28602921DC1645600289D0F /* Debug */ = {
			isa = XCBuildConfiguration;
			buildSettings = {
				ASSETCATALOG_COMPILER_APPICON_NAME = AppIcon;
				DEVELOPMENT_TEAM = JYXR948UZ7;
				INFOPLIST_FILE = Calculator/Info.plist;
				LD_RUNPATH_SEARCH_PATHS = "$(inherited) @executable_path/Frameworks";
				PRODUCT_BUNDLE_IDENTIFIER = graycode.Calculator;
				PRODUCT_NAME = "$(TARGET_NAME)";
				SWIFT_VERSION = 3.0;
			};
			name = Debug;
		};
		F28602931DC1645600289D0F /* Release */ = {
			isa = XCBuildConfiguration;
			buildSettings = {
				ASSETCATALOG_COMPILER_APPICON_NAME = AppIcon;
				DEVELOPMENT_TEAM = JYXR948UZ7;
				INFOPLIST_FILE = Calculator/Info.plist;
				LD_RUNPATH_SEARCH_PATHS = "$(inherited) @executable_path/Frameworks";
				PRODUCT_BUNDLE_IDENTIFIER = graycode.Calculator;
				PRODUCT_NAME = "$(TARGET_NAME)";
				SWIFT_VERSION = 3.0;
			};
			name = Release;
		};
		F28602951DC1645600289D0F /* Debug */ = {
			isa = XCBuildConfiguration;
			buildSettings = {
				ALWAYS_EMBED_SWIFT_STANDARD_LIBRARIES = YES;
				BUNDLE_LOADER = "$(TEST_HOST)";
				INFOPLIST_FILE = CalculatorTests/Info.plist;
				LD_RUNPATH_SEARCH_PATHS = "$(inherited) @executable_path/Frameworks @loader_path/Frameworks";
				PRODUCT_BUNDLE_IDENTIFIER = graycode.CalculatorTests;
				PRODUCT_NAME = "$(TARGET_NAME)";
				SWIFT_VERSION = 3.0;
				TEST_HOST = "$(BUILT_PRODUCTS_DIR)/Calculator.app/Calculator";
			};
			name = Debug;
		};
		F28602961DC1645600289D0F /* Release */ = {
			isa = XCBuildConfiguration;
			buildSettings = {
				ALWAYS_EMBED_SWIFT_STANDARD_LIBRARIES = YES;
				BUNDLE_LOADER = "$(TEST_HOST)";
				INFOPLIST_FILE = CalculatorTests/Info.plist;
				LD_RUNPATH_SEARCH_PATHS = "$(inherited) @executable_path/Frameworks @loader_path/Frameworks";
				PRODUCT_BUNDLE_IDENTIFIER = graycode.CalculatorTests;
				PRODUCT_NAME = "$(TARGET_NAME)";
				SWIFT_VERSION = 3.0;
				TEST_HOST = "$(BUILT_PRODUCTS_DIR)/Calculator.app/Calculator";
			};
			name = Release;
		};
		F28602981DC1645600289D0F /* Debug */ = {
			isa = XCBuildConfiguration;
			buildSettings = {
				ALWAYS_EMBED_SWIFT_STANDARD_LIBRARIES = YES;
				INFOPLIST_FILE = CalculatorUITests/Info.plist;
				LD_RUNPATH_SEARCH_PATHS = "$(inherited) @executable_path/Frameworks @loader_path/Frameworks";
				PRODUCT_BUNDLE_IDENTIFIER = graycode.CalculatorUITests;
				PRODUCT_NAME = "$(TARGET_NAME)";
				SWIFT_VERSION = 3.0;
				TEST_TARGET_NAME = Calculator;
			};
			name = Debug;
		};
		F28602991DC1645600289D0F /* Release */ = {
			isa = XCBuildConfiguration;
			buildSettings = {
				ALWAYS_EMBED_SWIFT_STANDARD_LIBRARIES = YES;
				INFOPLIST_FILE = CalculatorUITests/Info.plist;
				LD_RUNPATH_SEARCH_PATHS = "$(inherited) @executable_path/Frameworks @loader_path/Frameworks";
				PRODUCT_BUNDLE_IDENTIFIER = graycode.CalculatorUITests;
				PRODUCT_NAME = "$(TARGET_NAME)";
				SWIFT_VERSION = 3.0;
				TEST_TARGET_NAME = Calculator;
			};
			name = Release;
		};
/* End XCBuildConfiguration section */

/* Begin XCConfigurationList section */
		F28602641DC1645500289D0F /* Build configuration list for PBXProject "Calculator" */ = {
			isa = XCConfigurationList;
			buildConfigurations = (
				F286028F1DC1645600289D0F /* Debug */,
				F28602901DC1645600289D0F /* Release */,
			);
			defaultConfigurationIsVisible = 0;
			defaultConfigurationName = Release;
		};
		F28602911DC1645600289D0F /* Build configuration list for PBXNativeTarget "Calculator" */ = {
			isa = XCConfigurationList;
			buildConfigurations = (
				F28602921DC1645600289D0F /* Debug */,
				F28602931DC1645600289D0F /* Release */,
			);
			defaultConfigurationIsVisible = 0;
			defaultConfigurationName = Release;
		};
		F28602941DC1645600289D0F /* Build configuration list for PBXNativeTarget "CalculatorTests" */ = {
			isa = XCConfigurationList;
			buildConfigurations = (
				F28602951DC1645600289D0F /* Debug */,
				F28602961DC1645600289D0F /* Release */,
			);
			defaultConfigurationIsVisible = 0;
			defaultConfigurationName = Release;
		};
		F28602971DC1645600289D0F /* Build configuration list for PBXNativeTarget "CalculatorUITests" */ = {
			isa = XCConfigurationList;
			buildConfigurations = (
				F28602981DC1645600289D0F /* Debug */,
				F28602991DC1645600289D0F /* Release */,
			);
			defaultConfigurationIsVisible = 0;
			defaultConfigurationName = Release;
		};
/* End XCConfigurationList section */
	};
	rootObject = F28602611DC1645500289D0F /* Project object */;
}
